<?xml version="1.0" encoding="utf-8"?>
<Project ToolsVersion="4.0" xmlns="http://schemas.microsoft.com/developer/msbuild/2003">
  <ItemGroup>
    <Filter Include="src">
      <UniqueIdentifier>{4FC737F1-C7A5-4376-A066-2A32D752A2FF}</UniqueIdentifier>
      <Extensions>cpp;c;cc;cxx;c++;cppm;ixx;def;odl;idl;hpj;bat;asm;asmx</Extensions>
    </Filter>
    <Filter Include="res">
      <UniqueIdentifier>{67DA6AB6-F800-4c08-8B7A-83BB121AAD01}</UniqueIdentifier>
      <Extensions>rc;ico;cur;bmp;dlg;rc2;rct;bin;rgs;gif;jpg;jpeg;jpe;resx;tiff;tif;png;wav;mfcribbon-ms</Extensions>
    </Filter>
    <Filter Include="src\gizmo">
      <UniqueIdentifier>{c079cca5-87e2-4a8a-b1c9-08f45052541e}</UniqueIdentifier>
    </Filter>
    <Filter Include="src\event">
      <UniqueIdentifier>{efe9d042-9725-4954-996c-82cd506e5d2e}</UniqueIdentifier>
    </Filter>
    <Filter Include="src\cmd">
      <UniqueIdentifier>{d734536b-7185-45a6-be87-89912b9811a2}</UniqueIdentifier>
    </Filter>
    <Filter Include="src\luabind">
      <UniqueIdentifier>{45ed8dcb-5b0b-4b7a-8ef4-cc0a866a850e}</UniqueIdentifier>
    </Filter>
    <Filter Include="src\delegate">
      <UniqueIdentifier>{d6388215-0c3a-4732-87b4-640ffd9c54c7}</UniqueIdentifier>
    </Filter>
    <Filter Include="src\mvc">
      <UniqueIdentifier>{674da1f8-0ad8-4723-9f1e-ed66f3152648}</UniqueIdentifier>
    </Filter>
    <Filter Include="src\mvc\views">
      <UniqueIdentifier>{b96ac6e5-2628-4fd9-91c6-cdc661103e52}</UniqueIdentifier>
    </Filter>
    <Filter Include="src\mvc\views\inspectors">
      <UniqueIdentifier>{6afd0e63-3d0b-48c3-864e-dabdc56a8fc1}</UniqueIdentifier>
    </Filter>
    <Filter Include="src\mvc\model">
      <UniqueIdentifier>{4be58bb0-64f9-40bc-8979-40f82316f533}</UniqueIdentifier>
    </Filter>
    <Filter Include="src\mvc\ctrls">
      <UniqueIdentifier>{c2348f16-8e2d-442d-bdfd-70c02292cddb}</UniqueIdentifier>
    </Filter>
  </ItemGroup>
  <ItemGroup>
    <ClCompile Include="..\..\..\Source\UrhoEditor\main.cpp">
      <Filter>src</Filter>
    </ClCompile>
    <ClCompile Include="..\..\..\Source\UrhoEditor\EditorApp.cpp">
      <Filter>src</Filter>
    </ClCompile>
    <ClCompile Include="..\..\..\Source\UrhoEditor\imgui_impl_glfw.cpp">
      <Filter>src</Filter>
    </ClCompile>
    <ClCompile Include="..\..\..\Source\UrhoEditor\gizmo\GizmoUtils.cpp">
      <Filter>src\gizmo</Filter>
    </ClCompile>
    <ClCompile Include="..\..\..\Source\UrhoEditor\gizmo\RotateGizmo.cpp">
      <Filter>src\gizmo</Filter>
    </ClCompile>
    <ClCompile Include="..\..\..\Source\UrhoEditor\gizmo\ScaleGizmo.cpp">
      <Filter>src\gizmo</Filter>
    </ClCompile>
    <ClCompile Include="..\..\..\Source\UrhoEditor\gizmo\TransformCtrl.cpp">
      <Filter>src\gizmo</Filter>
    </ClCompile>
    <ClCompile Include="..\..\..\Source\UrhoEditor\gizmo\TransformGizmo.cpp">
      <Filter>src\gizmo</Filter>
    </ClCompile>
    <ClCompile Include="..\..\..\Source\UrhoEditor\gizmo\TranslateGizmo.cpp">
      <Filter>src\gizmo</Filter>
    </ClCompile>
    <ClCompile Include="..\..\..\Source\UrhoEditor\views\SceneView.cpp">
      <Filter>src\mvc\views</Filter>
    </ClCompile>
    <ClCompile Include="..\..\..\Source\UrhoEditor\views\MainWindow.cpp">
      <Filter>src\mvc\views</Filter>
    </ClCompile>
    <ClCompile Include="..\..\..\Source\UrhoEditor\ctrls\AssetImporter.cpp">
      <Filter>src\mvc\ctrls</Filter>
    </ClCompile>
    <ClCompile Include="..\..\..\Source\UrhoEditor\ctrls\AssetMgr.cpp">
      <Filter>src\mvc\ctrls</Filter>
    </ClCompile>
    <ClCompile Include="..\..\..\Source\UrhoEditor\ctrls\CameraCtrl.cpp">
      <Filter>src\mvc\ctrls</Filter>
    </ClCompile>
    <ClCompile Include="..\..\..\Source\UrhoEditor\ctrls\SceneCtrl.cpp">
      <Filter>src\mvc\ctrls</Filter>
    </ClCompile>
    <ClCompile Include="..\..\..\Source\UrhoEditor\ctrls\HistoryMgr.cpp">
      <Filter>src\mvc\ctrls</Filter>
    </ClCompile>
    <ClCompile Include="..\..\..\Source\UrhoEditor\model\ProjHistory.cpp">
      <Filter>src\mvc\model</Filter>
    </ClCompile>
    <ClCompile Include="..\..\..\Source\UrhoEditor\views\ConsoleView.cpp">
      <Filter>src\mvc\views</Filter>
    </ClCompile>
    <ClCompile Include="..\..\..\Source\UrhoEditor\views\Inspector.cpp">
      <Filter>src\mvc\views</Filter>
    </ClCompile>
    <ClCompile Include="..\..\..\Source\UrhoEditor\views\Menubar.cpp">
      <Filter>src\mvc\views</Filter>
    </ClCompile>
    <ClCompile Include="..\..\..\Source\UrhoEditor\views\NodeTree.cpp">
      <Filter>src\mvc\views</Filter>
    </ClCompile>
    <ClCompile Include="..\..\..\Source\UrhoEditor\views\ResPreview.cpp">
      <Filter>src\mvc\views</Filter>
    </ClCompile>
    <ClCompile Include="..\..\..\Source\UrhoEditor\views\ResTree.cpp">
      <Filter>src\mvc\views</Filter>
    </ClCompile>
    <ClCompile Include="..\..\..\Source\UrhoEditor\views\StartView.cpp">
      <Filter>src\mvc\views</Filter>
    </ClCompile>
    <ClCompile Include="..\..\..\Source\UrhoEditor\views\Toolbar.cpp">
      <Filter>src\mvc\views</Filter>
    </ClCompile>
    <ClCompile Include="..\..\..\Source\UrhoEditor\views\inspectors\AniModelInspector.cpp">
      <Filter>src\mvc\views\inspectors</Filter>
    </ClCompile>
    <ClCompile Include="..\..\..\Source\UrhoEditor\views\inspectors\TransformInspector.cpp">
      <Filter>src\mvc\views\inspectors</Filter>
    </ClCompile>
    <ClCompile Include="..\..\..\Source\UrhoEditor\event\EventEmitter.cpp">
      <Filter>src\event</Filter>
    </ClCompile>
    <ClCompile Include="..\..\..\Source\UrhoEditor\event\GEvent.cpp">
      <Filter>src\event</Filter>
    </ClCompile>
    <ClCompile Include="..\..\..\Source\UrhoEditor\cmd\CmdMgr.cpp">
      <Filter>src\cmd</Filter>
    </ClCompile>
    <ClCompile Include="..\..\..\Source\UrhoEditor\views\inspectors\VariantDrawer.cpp">
      <Filter>src\mvc\views\inspectors</Filter>
    </ClCompile>
  </ItemGroup>
  <ItemGroup>
    <ClInclude Include="..\..\..\Source\UrhoEditor\EditorApp.h">
      <Filter>src</Filter>
    </ClInclude>
    <ClInclude Include="..\..\..\Source\UrhoEditor\imgui_impl_glfw.h">
      <Filter>src</Filter>
    </ClInclude>
    <ClInclude Include="..\..\..\Source\UrhoEditor\gizmo\GizmoUtils.h">
      <Filter>src\gizmo</Filter>
    </ClInclude>
    <ClInclude Include="..\..\..\Source\UrhoEditor\gizmo\RotateGizmo.h">
      <Filter>src\gizmo</Filter>
    </ClInclude>
    <ClInclude Include="..\..\..\Source\UrhoEditor\gizmo\ScaleGizmo.h">
      <Filter>src\gizmo</Filter>
    </ClInclude>
    <ClInclude Include="..\..\..\Source\UrhoEditor\gizmo\TransformCtrl.h">
      <Filter>src\gizmo</Filter>
    </ClInclude>
    <ClInclude Include="..\..\..\Source\UrhoEditor\gizmo\TransformGizmo.h">
      <Filter>src\gizmo</Filter>
    </ClInclude>
    <ClInclude Include="..\..\..\Source\UrhoEditor\gizmo\TranslateGizmo.h">
      <Filter>src\gizmo</Filter>
    </ClInclude>
    <ClInclude Include="..\..\..\Source\UrhoEditor\views\SceneView.h">
      <Filter>src\mvc\views</Filter>
    </ClInclude>
    <ClInclude Include="..\..\..\Source\UrhoEditor\views\MainWindow.h">
      <Filter>src\mvc\views</Filter>
    </ClInclude>
    <ClInclude Include="..\..\..\Source\UrhoEditor\views\EditorWidget.h">
      <Filter>src\mvc\views</Filter>
    </ClInclude>
    <ClInclude Include="..\..\..\Source\UrhoEditor\ctrls\AssetImporter.h">
      <Filter>src\mvc\ctrls</Filter>
    </ClInclude>
    <ClInclude Include="..\..\..\Source\UrhoEditor\ctrls\AssetMgr.h">
      <Filter>src\mvc\ctrls</Filter>
    </ClInclude>
    <ClInclude Include="..\..\..\Source\UrhoEditor\ctrls\CameraCtrl.h">
      <Filter>src\mvc\ctrls</Filter>
    </ClInclude>
    <ClInclude Include="..\..\..\Source\UrhoEditor\ctrls\SceneCtrl.h">
      <Filter>src\mvc\ctrls</Filter>
    </ClInclude>
    <ClInclude Include="..\..\..\Source\UrhoEditor\ctrls\HistoryMgr.h">
      <Filter>src\mvc\ctrls</Filter>
    </ClInclude>
    <ClInclude Include="..\..\..\Source\UrhoEditor\model\ProjHistory.h">
      <Filter>src\mvc\model</Filter>
    </ClInclude>
    <ClInclude Include="..\..\..\Source\UrhoEditor\views\ConsoleView.h">
      <Filter>src\mvc\views</Filter>
    </ClInclude>
    <ClInclude Include="..\..\..\Source\UrhoEditor\views\Inspector.h">
      <Filter>src\mvc\views</Filter>
    </ClInclude>
    <ClInclude Include="..\..\..\Source\UrhoEditor\views\Menubar.h">
      <Filter>src\mvc\views</Filter>
    </ClInclude>
    <ClInclude Include="..\..\..\Source\UrhoEditor\views\NodeTree.h">
      <Filter>src\mvc\views</Filter>
    </ClInclude>
    <ClInclude Include="..\..\..\Source\UrhoEditor\views\ResPreview.h">
      <Filter>src\mvc\views</Filter>
    </ClInclude>
    <ClInclude Include="..\..\..\Source\UrhoEditor\views\ResTree.h">
      <Filter>src\mvc\views</Filter>
    </ClInclude>
    <ClInclude Include="..\..\..\Source\UrhoEditor\views\StartView.h">
      <Filter>src\mvc\views</Filter>
    </ClInclude>
    <ClInclude Include="..\..\..\Source\UrhoEditor\views\Toolbar.h">
      <Filter>src\mvc\views</Filter>
    </ClInclude>
    <ClInclude Include="..\..\..\Source\UrhoEditor\Utils.h">
      <Filter>src</Filter>
    </ClInclude>
    <ClInclude Include="..\..\..\Source\UrhoEditor\views\inspectors\AniModelInspector.h">
      <Filter>src\mvc\views\inspectors</Filter>
    </ClInclude>
    <ClInclude Include="..\..\..\Source\UrhoEditor\views\inspectors\TransformInspector.h">
      <Filter>src\mvc\views\inspectors</Filter>
    </ClInclude>
    <ClInclude Include="..\..\..\Source\UrhoEditor\event\EventData.h">
      <Filter>src\event</Filter>
    </ClInclude>
    <ClInclude Include="..\..\..\Source\UrhoEditor\event\EventEmitter.h">
      <Filter>src\event</Filter>
    </ClInclude>
    <ClInclude Include="..\..\..\Source\UrhoEditor\event\GEvent.h">
      <Filter>src\event</Filter>
    </ClInclude>
    <ClInclude Include="..\..\..\Source\UrhoEditor\delegate\Delegate.h">
      <Filter>src\delegate</Filter>
    </ClInclude>
    <ClInclude Include="..\..\..\Source\UrhoEditor\delegate\FastDelegate.h">
      <Filter>src\delegate</Filter>
    </ClInclude>
    <ClInclude Include="..\..\..\Source\UrhoEditor\cmd\CmdMgr.h">
      <Filter>src\cmd</Filter>
    </ClInclude>
    <ClInclude Include="..\..\..\Source\UrhoEditor\cmd\EditCmd.h">
      <Filter>src\cmd</Filter>
    </ClInclude>
    <ClInclude Include="..\..\..\Source\UrhoEditor\cmd\CmdDefines.h">
      <Filter>src\cmd</Filter>
    </ClInclude>
    <ClInclude Include="..\..\..\Source\UrhoEditor\views\inspectors\VariantDrawer.h">
      <Filter>src\mvc\views\inspectors</Filter>
    </ClInclude>
  </ItemGroup>
  <ItemGroup>
    <None Include="..\..\..\Source\UrhoEditor\pkgs\EditorLuaAPI.pkg">
      <Filter>src\luabind</Filter>
    </None>
    <None Include="..\..\..\Source\UrhoEditor\pkgs\genluabinding.py">
      <Filter>src\luabind</Filter>
    </None>
  </ItemGroup>
</Project>